// !$*UTF8*$!
{
	archiveVersion = 1;
	classes = {
	};
	objectVersion = 50;
	objects = {

/* Begin PBXBuildFile section */
		FC9F401523182D49009328E4 /* AppDelegate.swift in Sources */ = {isa = PBXBuildFile; fileRef = FC9F401423182D49009328E4 /* AppDelegate.swift */; };
		FC9F401723182D49009328E4 /* ViewController.swift in Sources */ = {isa = PBXBuildFile; fileRef = FC9F401623182D49009328E4 /* ViewController.swift */; };
		FC9F401A23182D49009328E4 /* Main.storyboard in Resources */ = {isa = PBXBuildFile; fileRef = FC9F401823182D49009328E4 /* Main.storyboard */; };
		FC9F401C23182D4B009328E4 /* Assets.xcassets in Resources */ = {isa = PBXBuildFile; fileRef = FC9F401B23182D4B009328E4 /* Assets.xcassets */; };
		FC9F401F23182D4B009328E4 /* LaunchScreen.storyboard in Resources */ = {isa = PBXBuildFile; fileRef = FC9F401D23182D4B009328E4 /* LaunchScreen.storyboard */; };
		FC9F406123186AA6009328E4 /* CallDirectoryHandler.swift in Sources */ = {isa = PBXBuildFile; fileRef = FC9F406023186AA6009328E4 /* CallDirectoryHandler.swift */; };
		FC9F406523186AA6009328E4 /* CallBlockerDirectory.appex in Embed App Extensions */ = {isa = PBXBuildFile; fileRef = FC9F405E23186AA6009328E4 /* CallBlockerDirectory.appex */; settings = {ATTRIBUTES = (RemoveHeadersOnCopy, ); }; };
/* End PBXBuildFile section */

/* Begin PBXContainerItemProxy section */
		FC9F406323186AA6009328E4 /* PBXContainerItemProxy */ = {
			isa = PBXContainerItemProxy;
			containerPortal = FC9F400923182D48009328E4 /* Project object */;
			proxyType = 1;
			remoteGlobalIDString = FC9F405D23186AA6009328E4;
			remoteInfo = CallBlockerDirectory;
		};
/* End PBXContainerItemProxy section */

/* Begin PBXCopyFilesBuildPhase section */
		FC9F403523183BD8009328E4 /* Embed App Extensions */ = {
			isa = PBXCopyFilesBuildPhase;
			buildActionMask = 2147483647;
			dstPath = "";
			dstSubfolderSpec = 13;
			files = (
				FC9F406523186AA6009328E4 /* CallBlockerDirectory.appex in Embed App Extensions */,
			);
			name = "Embed App Extensions";
			runOnlyForDeploymentPostprocessing = 0;
		};
/* End PBXCopyFilesBuildPhase section */

/* Begin PBXFileReference section */
		FC9F401123182D49009328E4 /* CallBlocker.app */ = {isa = PBXFileReference; explicitFileType = wrapper.application; includeInIndex = 0; path = CallBlocker.app; sourceTree = BUILT_PRODUCTS_DIR; };
		FC9F401423182D49009328E4 /* AppDelegate.swift */ = {isa = PBXFileReference; lastKnownFileType = sourcecode.swift; path = AppDelegate.swift; sourceTree = "<group>"; };
		FC9F401623182D49009328E4 /* ViewController.swift */ = {isa = PBXFileReference; lastKnownFileType = sourcecode.swift; path = ViewController.swift; sourceTree = "<group>"; };
		FC9F401923182D49009328E4 /* Base */ = {isa = PBXFileReference; lastKnownFileType = file.storyboard; name = Base; path = Base.lproj/Main.storyboard; sourceTree = "<group>"; };
		FC9F401B23182D4B009328E4 /* Assets.xcassets */ = {isa = PBXFileReference; lastKnownFileType = folder.assetcatalog; path = Assets.xcassets; sourceTree = "<group>"; };
		FC9F401E23182D4B009328E4 /* Base */ = {isa = PBXFileReference; lastKnownFileType = file.storyboard; name = Base; path = Base.lproj/LaunchScreen.storyboard; sourceTree = "<group>"; };
		FC9F402023182D4B009328E4 /* Info.plist */ = {isa = PBXFileReference; lastKnownFileType = text.plist.xml; path = Info.plist; sourceTree = "<group>"; };
		FC9F405E23186AA6009328E4 /* CallBlockerDirectory.appex */ = {isa = PBXFileReference; explicitFileType = "wrapper.app-extension"; includeInIndex = 0; path = CallBlockerDirectory.appex; sourceTree = BUILT_PRODUCTS_DIR; };
		FC9F406023186AA6009328E4 /* CallDirectoryHandler.swift */ = {isa = PBXFileReference; lastKnownFileType = sourcecode.swift; path = CallDirectoryHandler.swift; sourceTree = "<group>"; };
		FC9F406223186AA6009328E4 /* Info.plist */ = {isa = PBXFileReference; lastKnownFileType = text.plist.xml; path = Info.plist; sourceTree = "<group>"; };
/* End PBXFileReference section */

/* Begin PBXFrameworksBuildPhase section */
		FC9F400E23182D49009328E4 /* Frameworks */ = {
			isa = PBXFrameworksBuildPhase;
			buildActionMask = 2147483647;
			files = (
			);
			runOnlyForDeploymentPostprocessing = 0;
		};
		FC9F405B23186AA6009328E4 /* Frameworks */ = {
			isa = PBXFrameworksBuildPhase;
			buildActionMask = 2147483647;
			files = (
			);
			runOnlyForDeploymentPostprocessing = 0;
		};
/* End PBXFrameworksBuildPhase section */

/* Begin PBXGroup section */
		FC9F400823182D48009328E4 = {
			isa = PBXGroup;
			children = (
				FC9F401323182D49009328E4 /* CallBlocker */,
				FC9F405F23186AA6009328E4 /* CallBlockerDirectory */,
				FC9F401223182D49009328E4 /* Products */,
			);
			sourceTree = "<group>";
		};
		FC9F401223182D49009328E4 /* Products */ = {
			isa = PBXGroup;
			children = (
				FC9F401123182D49009328E4 /* CallBlocker.app */,
				FC9F405E23186AA6009328E4 /* CallBlockerDirectory.appex */,
			);
			name = Products;
			sourceTree = "<group>";
		};
		FC9F401323182D49009328E4 /* CallBlocker */ = {
			isa = PBXGroup;
			children = (
				FC9F401423182D49009328E4 /* AppDelegate.swift */,
				FC9F401623182D49009328E4 /* ViewController.swift */,
				FC9F401823182D49009328E4 /* Main.storyboard */,
				FC9F401B23182D4B009328E4 /* Assets.xcassets */,
				FC9F401D23182D4B009328E4 /* LaunchScreen.storyboard */,
				FC9F402023182D4B009328E4 /* Info.plist */,
			);
			path = CallBlocker;
			sourceTree = "<group>";
		};
		FC9F405F23186AA6009328E4 /* CallBlockerDirectory */ = {
			isa = PBXGroup;
			children = (
				FC9F406023186AA6009328E4 /* CallDirectoryHandler.swift */,
				FC9F406223186AA6009328E4 /* Info.plist */,
			);
			path = CallBlockerDirectory;
			sourceTree = "<group>";
		};
/* End PBXGroup section */

/* Begin PBXNativeTarget section */
		FC9F401023182D49009328E4 /* CallBlocker */ = {
			isa = PBXNativeTarget;
			buildConfigurationList = FC9F402323182D4B009328E4 /* Build configuration list for PBXNativeTarget "CallBlocker" */;
			buildPhases = (
				FC9F400D23182D49009328E4 /* Sources */,
				FC9F400E23182D49009328E4 /* Frameworks */,
				FC9F400F23182D49009328E4 /* Resources */,
				FC9F403523183BD8009328E4 /* Embed App Extensions */,
			);
			buildRules = (
			);
			dependencies = (
				FC9F406423186AA6009328E4 /* PBXTargetDependency */,
			);
			name = CallBlocker;
			productName = CallBlocker;
			productReference = FC9F401123182D49009328E4 /* CallBlocker.app */;
			productType = "com.apple.product-type.application";
		};
		FC9F405D23186AA6009328E4 /* CallBlockerDirectory */ = {
			isa = PBXNativeTarget;
			buildConfigurationList = FC9F406623186AA6009328E4 /* Build configuration list for PBXNativeTarget "CallBlockerDirectory" */;
			buildPhases = (
				FC9F405A23186AA6009328E4 /* Sources */,
				FC9F405B23186AA6009328E4 /* Frameworks */,
				FC9F405C23186AA6009328E4 /* Resources */,
			);
			buildRules = (
			);
			dependencies = (
			);
			name = CallBlockerDirectory;
			productName = CallBlockerDirectory;
			productReference = FC9F405E23186AA6009328E4 /* CallBlockerDirectory.appex */;
			productType = "com.apple.product-type.app-extension";
		};
/* End PBXNativeTarget section */

/* Begin PBXProject section */
		FC9F400923182D48009328E4 /* Project object */ = {
			isa = PBXProject;
			attributes = {
				LastSwiftUpdateCheck = 1030;
				LastUpgradeCheck = 1030;
				ORGANIZATIONNAME = Agasthyam;
				TargetAttributes = {
					FC9F401023182D49009328E4 = {
						CreatedOnToolsVersion = 10.3;
					};
					FC9F405D23186AA6009328E4 = {
						CreatedOnToolsVersion = 10.3;
					};
				};
			};
			buildConfigurationList = FC9F400C23182D48009328E4 /* Build configuration list for PBXProject "CallBlocker" */;
			compatibilityVersion = "Xcode 9.3";
			developmentRegion = en;
			hasScannedForEncodings = 0;
			knownRegions = (
				en,
				Base,
			);
			mainGroup = FC9F400823182D48009328E4;
			productRefGroup = FC9F401223182D49009328E4 /* Products */;
			projectDirPath = "";
			projectRoot = "";
			targets = (
				FC9F401023182D49009328E4 /* CallBlocker */,
				FC9F405D23186AA6009328E4 /* CallBlockerDirectory */,
			);
		};
/* End PBXProject section */

/* Begin PBXResourcesBuildPhase section */
		FC9F400F23182D49009328E4 /* Resources */ = {
			isa = PBXResourcesBuildPhase;
			buildActionMask = 2147483647;
			files = (
				FC9F401F23182D4B009328E4 /* LaunchScreen.storyboard in Resources */,
				FC9F401C23182D4B009328E4 /* Assets.xcassets in Resources */,
				FC9F401A23182D49009328E4 /* Main.storyboard in Resources */,
			);
			runOnlyForDeploymentPostprocessing = 0;
		};
		FC9F405C23186AA6009328E4 /* Resources */ = {
			isa = PBXResourcesBuildPhase;
			buildActionMask = 2147483647;
			files = (
			);
			runOnlyForDeploymentPostprocessing = 0;
		};
/* End PBXResourcesBuildPhase section */

/* Begin PBXSourcesBuildPhase section */
		FC9F400D23182D49009328E4 /* Sources */ = {
			isa = PBXSourcesBuildPhase;
			buildActionMask = 2147483647;
			files = (
				FC9F401723182D49009328E4 /* ViewController.swift in Sources */,
				FC9F401523182D49009328E4 /* AppDelegate.swift in Sources */,
			);
			runOnlyForDeploymentPostprocessing = 0;
		};
		FC9F405A23186AA6009328E4 /* Sources */ = {
			isa = PBXSourcesBuildPhase;
			buildActionMask = 2147483647;
			files = (
				FC9F406123186AA6009328E4 /* CallDirectoryHandler.swift in Sources */,
			);
			runOnlyForDeploymentPostprocessing = 0;
		};
/* End PBXSourcesBuildPhase section */

/* Begin PBXTargetDependency section */
		FC9F406423186AA6009328E4 /* PBXTargetDependency */ = {
			isa = PBXTargetDependency;
			target = FC9F405D23186AA6009328E4 /* CallBlockerDirectory */;
			targetProxy = FC9F406323186AA6009328E4 /* PBXContainerItemProxy */;
		};
/* End PBXTargetDependency section */

/* Begin PBXVariantGroup section */
		FC9F401823182D49009328E4 /* Main.storyboard */ = {
			isa = PBXVariantGroup;
			children = (
				FC9F401923182D49009328E4 /* Base */,
			);
			name = Main.storyboard;
			sourceTree = "<group>";
		};
		FC9F401D23182D4B009328E4 /* LaunchScreen.storyboard */ = {
			isa = PBXVariantGroup;
			children = (
				FC9F401E23182D4B009328E4 /* Base */,
			);
			name = LaunchScreen.storyboard;
			sourceTree = "<group>";
		};
/* End PBXVariantGroup section */

/* Begin XCBuildConfiguration section */
		FC9F402123182D4B009328E4 /* Debug */ = {
			isa = XCBuildConfiguration;
			buildSettings = {
				ALWAYS_SEARCH_USER_PATHS = NO;
				CLANG_ANALYZER_NONNULL = YES;
				CLANG_ANALYZER_NUMBER_OBJECT_CONVERSION = YES_AGGRESSIVE;
				CLANG_CXX_LANGUAGE_STANDARD = "gnu++14";
				CLANG_CXX_LIBRARY = "libc++";
				CLANG_ENABLE_MODULES = YES;
				CLANG_ENABLE_OBJC_ARC = YES;
				CLANG_ENABLE_OBJC_WEAK = YES;
				CLANG_WARN_BLOCK_CAPTURE_AUTORELEASING = YES;
				CLANG_WARN_BOOL_CONVERSION = YES;
				CLANG_WARN_COMMA = YES;
				CLANG_WARN_CONSTANT_CONVERSION = YES;
				CLANG_WARN_DEPRECATED_OBJC_IMPLEMENTATIONS = YES;
				CLANG_WARN_DIRECT_OBJC_ISA_USAGE = YES_ERROR;
				CLANG_WARN_DOCUMENTATION_COMMENTS = YES;
				CLANG_WARN_EMPTY_BODY = YES;
				CLANG_WARN_ENUM_CONVERSION = YES;
				CLANG_WARN_INFINITE_RECURSION = YES;
				CLANG_WARN_INT_CONVERSION = YES;
				CLANG_WARN_NON_LITERAL_NULL_CONVERSION = YES;
				CLANG_WARN_OBJC_IMPLICIT_RETAIN_SELF = YES;
				CLANG_WARN_OBJC_LITERAL_CONVERSION = YES;
				CLANG_WARN_OBJC_ROOT_CLASS = YES_ERROR;
				CLANG_WARN_RANGE_LOOP_ANALYSIS = YES;
				CLANG_WARN_STRICT_PROTOTYPES = YES;
				CLANG_WARN_SUSPICIOUS_MOVE = YES;
				CLANG_WARN_UNGUARDED_AVAILABILITY = YES_AGGRESSIVE;
				CLANG_WARN_UNREACHABLE_CODE = YES;
				CLANG_WARN__DUPLICATE_METHOD_MATCH = YES;
				CODE_SIGN_IDENTITY = "iPhone Developer";
				COPY_PHASE_STRIP = NO;
				DEBUG_INFORMATION_FORMAT = dwarf;
				ENABLE_STRICT_OBJC_MSGSEND = YES;
				ENABLE_TESTABILITY = YES;
				GCC_C_LANGUAGE_STANDARD = gnu11;
				GCC_DYNAMIC_NO_PIC = NO;
				GCC_NO_COMMON_BLOCKS = YES;
				GCC_OPTIMIZATION_LEVEL = 0;
				GCC_PREPROCESSOR_DEFINITIONS = (
					"DEBUG=1",
					"$(inherited)",
				);
				GCC_WARN_64_TO_32_BIT_CONVERSION = YES;
				GCC_WARN_ABOUT_RETURN_TYPE = YES_ERROR;
				GCC_WARN_UNDECLARED_SELECTOR = YES;
				GCC_WARN_UNINITIALIZED_AUTOS = YES_AGGRESSIVE;
				GCC_WARN_UNUSED_FUNCTION = YES;
				GCC_WARN_UNUSED_VARIABLE = YES;
				IPHONEOS_DEPLOYMENT_TARGET = 12.4;
				MTL_ENABLE_DEBUG_INFO = INCLUDE_SOURCE;
				MTL_FAST_MATH = YES;
				ONLY_ACTIVE_ARCH = YES;
				SDKROOT = iphoneos;
				SWIFT_ACTIVE_COMPILATION_CONDITIONS = DEBUG;
				SWIFT_OPTIMIZATION_LEVEL = "-Onone";
			};
			name = Debug;
		};
		FC9F402223182D4B009328E4 /* Release */ = {
			isa = XCBuildConfiguration;
			buildSettings = {
				ALWAYS_SEARCH_USER_PATHS = NO;
				CLANG_ANALYZER_NONNULL = YES;
				CLANG_ANALYZER_NUMBER_OBJECT_CONVERSION = YES_AGGRESSIVE;
				CLANG_CXX_LANGUAGE_STANDARD = "gnu++14";
				CLANG_CXX_LIBRARY = "libc++";
				CLANG_ENABLE_MODULES = YES;
				CLANG_ENABLE_OBJC_ARC = YES;
				CLANG_ENABLE_OBJC_WEAK = YES;
				CLANG_WARN_BLOCK_CAPTURE_AUTORELEASING = YES;
				CLANG_WARN_BOOL_CONVERSION = YES;
				CLANG_WARN_COMMA = YES;
				CLANG_WARN_CONSTANT_CONVERSION = YES;
				CLANG_WARN_DEPRECATED_OBJC_IMPLEMENTATIONS = YES;
				CLANG_WARN_DIRECT_OBJC_ISA_USAGE = YES_ERROR;
				CLANG_WARN_DOCUMENTATION_COMMENTS = YES;
				CLANG_WARN_EMPTY_BODY = YES;
				CLANG_WARN_ENUM_CONVERSION = YES;
				CLANG_WARN_INFINITE_RECURSION = YES;
				CLANG_WARN_INT_CONVERSION = YES;
				CLANG_WARN_NON_LITERAL_NULL_CONVERSION = YES;
				CLANG_WARN_OBJC_IMPLICIT_RETAIN_SELF = YES;
				CLANG_WARN_OBJC_LITERAL_CONVERSION = YES;
				CLANG_WARN_OBJC_ROOT_CLASS = YES_ERROR;
				CLANG_WARN_RANGE_LOOP_ANALYSIS = YES;
				CLANG_WARN_STRICT_PROTOTYPES = YES;
				CLANG_WARN_SUSPICIOUS_MOVE = YES;
				CLANG_WARN_UNGUARDED_AVAILABILITY = YES_AGGRESSIVE;
				CLANG_WARN_UNREACHABLE_CODE = YES;
				CLANG_WARN__DUPLICATE_METHOD_MATCH = YES;
				CODE_SIGN_IDENTITY = "iPhone Developer";
				COPY_PHASE_STRIP = NO;
				DEBUG_INFORMATION_FORMAT = "dwarf-with-dsym";
				ENABLE_NS_ASSERTIONS = NO;
				ENABLE_STRICT_OBJC_MSGSEND = YES;
				GCC_C_LANGUAGE_STANDARD = gnu11;
				GCC_NO_COMMON_BLOCKS = YES;
				GCC_WARN_64_TO_32_BIT_CONVERSION = YES;
				GCC_WARN_ABOUT_RETURN_TYPE = YES_ERROR;
				GCC_WARN_UNDECLARED_SELECTOR = YES;
				GCC_WARN_UNINITIALIZED_AUTOS = YES_AGGRESSIVE;
				GCC_WARN_UNUSED_FUNCTION = YES;
				GCC_WARN_UNUSED_VARIABLE = YES;
				IPHONEOS_DEPLOYMENT_TARGET = 12.4;
				MTL_ENABLE_DEBUG_INFO = NO;
				MTL_FAST_MATH = YES;
				SDKROOT = iphoneos;
				SWIFT_COMPILATION_MODE = wholemodule;
				SWIFT_OPTIMIZATION_LEVEL = "-O";
				VALIDATE_PRODUCT = YES;
			};
			name = Release;
		};
		FC9F402423182D4B009328E4 /* Debug */ = {
			isa = XCBuildConfiguration;
			buildSettings = {
				ALWAYS_EMBED_SWIFT_STANDARD_LIBRARIES = YES;
				ASSETCATALOG_COMPILER_APPICON_NAME = AppIcon;
				CODE_SIGN_STYLE = Automatic;
				DEVELOPMENT_TEAM = L572S5KQTW;
				INFOPLIST_FILE = CallBlocker/Info.plist;
				IPHONEOS_DEPLOYMENT_TARGET = 11.0;
				LD_RUNPATH_SEARCH_PATHS = (
					"$(inherited)",
					"@executable_path/Frameworks",
				);
				PRODUCT_BUNDLE_IDENTIFIER = mondeti.CallBlocker;
				PRODUCT_NAME = "$(TARGET_NAME)";
				SWIFT_VERSION = 5.0;
				TARGETED_DEVICE_FAMILY = "1,2";
			};
			name = Debug;
		};
		FC9F402523182D4B009328E4 /* Release */ = {
			isa = XCBuildConfiguration;
			buildSettings = {
				ALWAYS_EMBED_SWIFT_STANDARD_LIBRARIES = YES;
				ASSETCATALOG_COMPILER_APPICON_NAME = AppIcon;
				CODE_SIGN_STYLE = Automatic;
				DEVELOPMENT_TEAM = L572S5KQTW;
				INFOPLIST_FILE = CallBlocker/Info.plist;
				IPHONEOS_DEPLOYMENT_TARGET = 11.0;
				LD_RUNPATH_SEARCH_PATHS = (
					"$(inherited)",
					"@executable_path/Frameworks",
				);
				PRODUCT_BUNDLE_IDENTIFIER = mondeti.CallBlocker;
				PRODUCT_NAME = "$(TARGET_NAME)";
				SWIFT_VERSION = 5.0;
				TARGETED_DEVICE_FAMILY = "1,2";
			};
			name = Release;
		};
		FC9F406723186AA6009328E4 /* Debug */ = {
			isa = XCBuildConfiguration;
			buildSettings = {
				ARCHS = "$(ARCHS_STANDARD_64_BIT)";
				CODE_SIGN_STYLE = Automatic;
				DEVELOPMENT_TEAM = L572S5KQTW;
				INFOPLIST_FILE = CallBlockerDirectory/Info.plist;
				IPHONEOS_DEPLOYMENT_TARGET = 11.0;
				LD_RUNPATH_SEARCH_PATHS = (
					"$(inherited)",
					"@executable_path/Frameworks",
					"@executable_path/../../Frameworks",
				);
				PRODUCT_BUNDLE_IDENTIFIER = mondeti.CallBlocker.CallBlockerDirectory;
				PRODUCT_NAME = "$(TARGET_NAME)";
				SKIP_INSTALL = YES;
				SWIFT_VERSION = 5.0;
				TARGETED_DEVICE_FAMILY = "1,2";
			};
			name = Debug;
		};
		FC9F406823186AA6009328E4 /* Release */ = {
			isa = XCBuildConfiguration;
			buildSettings = {
				ARCHS = "$(ARCHS_STANDARD_64_BIT)";
				CODE_SIGN_STYLE = Automatic;
				DEVELOPMENT_TEAM = L572S5KQTW;
				INFOPLIST_FILE = CallBlockerDirectory/Info.plist;
				IPHONEOS_DEPLOYMENT_TARGET = 11.0;
				LD_RUNPATH_SEARCH_PATHS = (
					"$(inherited)",
					"@executable_path/Frameworks",
					"@executable_path/../../Frameworks",
				);
				PRODUCT_BUNDLE_IDENTIFIER = mondeti.CallBlocker.CallBlockerDirectory;
				PRODUCT_NAME = "$(TARGET_NAME)";
				SKIP_INSTALL = YES;
				SWIFT_VERSION = 5.0;
				TARGETED_DEVICE_FAMILY = "1,2";
			};
			name = Release;
		};
/* End XCBuildConfiguration section */

/* Begin XCConfigurationList section */
		FC9F400C23182D48009328E4 /* Build configuration list for PBXProject "CallBlocker" */ = {
			isa = XCConfigurationList;
			buildConfigurations = (
				FC9F402123182D4B009328E4 /* Debug */,
				FC9F402223182D4B009328E4 /* Release */,
			);
			defaultConfigurationIsVisible = 0;
			defaultConfigurationName = Release;
		};
		FC9F402323182D4B009328E4 /* Build configuration list for PBXNativeTarget "CallBlocker" */ = {
			isa = XCConfigurationList;
			buildConfigurations = (
				FC9F402423182D4B009328E4 /* Debug */,
				FC9F402523182D4B009328E4 /* Release */,
			);
			defaultConfigurationIsVisible = 0;
			defaultConfigurationName = Release;
		};
		FC9F406623186AA6009328E4 /* Build configuration list for PBXNativeTarget "CallBlockerDirectory" */ = {
			isa = XCConfigurationList;
			buildConfigurations = (
				FC9F406723186AA6009328E4 /* Debug */,
				FC9F406823186AA6009328E4 /* Release */,
			);
			defaultConfigurationIsVisible = 0;
			defaultConfigurationName = Release;
		};
/* End XCConfigurationList section */
	};
	rootObject = FC9F400923182D48009328E4 /* Project object */;
}
